
Microsoft Visual Studio Solution File, Format Version 12.00
# Visual Studio 2012
Project("{FAE04EC0-301F-11D3-BF4B-00C04F79EFBC}") = "AssemblyProber", "AssemblyProber\DependencyVersionChecker\AssemblyProber.csproj", "{E28BEAB0-0116-400D-9AA1-5D4FD2B1DB89}"
EndProject
Project("{FAE04EC0-301F-11D3-BF4B-00C04F79EFBC}") = "DotNetUtilitiesApp.AssemblyProber", "AssemblyProber\DependencyVersionChecker.App.Wpf\DotNetUtilitiesApp.AssemblyProber.csproj", "{D87C110A-C76F-4F8B-A0E4-B061C112498F}"
EndProject
Project("{2150E333-8FDC-42A3-9474-1A3956D46DE8}") = "ProjectProber", "ProjectProber", "{2494264F-1AFA-401B-9640-1A8875EB90F7}"
EndProject
Project("{FAE04EC0-301F-11D3-BF4B-00C04F79EFBC}") = "ProjectProber", "ProjectProber\ProjectProber\ProjectProber.csproj", "{7562AA82-1946-4D4F-9672-CC3D2322A4F8}"
EndProject
Project("{FAE04EC0-301F-11D3-BF4B-00C04F79EFBC}") = "ProjectProber.Tests", "ProjectProber.Tests\ProjectProber.Tests.csproj", "{A9835441-7C89-4695-A8E3-84299B3C9282}"
EndProject
Project("{FAE04EC0-301F-11D3-BF4B-00C04F79EFBC}") = "SolutionChecker", "SolutionChecker\SolutionChecker.csproj", "{D57B0B29-0C9D-4826-8518-0F8898EE8D11}"
EndProject
Project("{2150E333-8FDC-42A3-9474-1A3956D46DE8}") = "VSExtension", "VSExtension", "{2580BE33-8C96-4F5E-8DAE-A08FBA26D840}"
EndProject
Project("{FAE04EC0-301F-11D3-BF4B-00C04F79EFBC}") = "SolutionAnalyzer", "SolutionAnalyzer\SolutionAnalyzer.csproj", "{5B7F57BB-4092-47B8-AAE6-4F33FA37CEEF}"
EndProject
Project("{2150E333-8FDC-42A3-9474-1A3956D46DE8}") = "WPF UI", "WPF UI", "{DA6F3EEF-BA3F-476E-A20B-EB36B9DBCEB0}"
EndProject
Project("{FAE04EC0-301F-11D3-BF4B-00C04F79EFBC}") = "DotNetUtilitiesApp", "DotNetUtilitiesApp\DotNetUtilitiesApp.csproj", "{8287BD83-7975-4B55-AC96-B1FF3133385D}"
EndProject
Project("{FAE04EC0-301F-11D3-BF4B-00C04F79EFBC}") = "WpfUtils", "WpfUtils\WpfUtils.csproj", "{A1706D7E-E0AA-4944-878D-6033F2587C7E}"
EndProject
Project("{FAE04EC0-301F-11D3-BF4B-00C04F79EFBC}") = "DotNetUtilitiesApp.SolutionAnalyzer", "DotNetUtilitiesApp.SolutionAnalyzer\DotNetUtilitiesApp.SolutionAnalyzer.csproj", "{7D2EEF2E-D5C2-4A9B-B15C-6603AFB880EA}"
EndProject
Project("{FAE04EC0-301F-11D3-BF4B-00C04F79EFBC}") = "DotNetUtilitiesApp.SemanticVersionManager", "DotNetUtilitiesApp.SemanticVersionManager\DotNetUtilitiesApp.SemanticVersionManager.csproj", "{C33E55E5-26A9-4AEF-8A9D-67C3EF362151}"
EndProject
Global
	GlobalSection(SolutionConfigurationPlatforms) = preSolution
		Debug|Any CPU = Debug|Any CPU
		Release|Any CPU = Release|Any CPU
	EndGlobalSection
	GlobalSection(ProjectConfigurationPlatforms) = postSolution
		{E28BEAB0-0116-400D-9AA1-5D4FD2B1DB89}.Debug|Any CPU.ActiveCfg = Debug|Any CPU
		{E28BEAB0-0116-400D-9AA1-5D4FD2B1DB89}.Debug|Any CPU.Build.0 = Debug|Any CPU
		{E28BEAB0-0116-400D-9AA1-5D4FD2B1DB89}.Release|Any CPU.ActiveCfg = Release|Any CPU
		{E28BEAB0-0116-400D-9AA1-5D4FD2B1DB89}.Release|Any CPU.Build.0 = Release|Any CPU
		{D87C110A-C76F-4F8B-A0E4-B061C112498F}.Debug|Any CPU.ActiveCfg = Debug|Any CPU
		{D87C110A-C76F-4F8B-A0E4-B061C112498F}.Debug|Any CPU.Build.0 = Debug|Any CPU
		{D87C110A-C76F-4F8B-A0E4-B061C112498F}.Release|Any CPU.ActiveCfg = Release|Any CPU
		{D87C110A-C76F-4F8B-A0E4-B061C112498F}.Release|Any CPU.Build.0 = Release|Any CPU
		{7562AA82-1946-4D4F-9672-CC3D2322A4F8}.Debug|Any CPU.ActiveCfg = Debug|Any CPU
		{7562AA82-1946-4D4F-9672-CC3D2322A4F8}.Debug|Any CPU.Build.0 = Debug|Any CPU
		{7562AA82-1946-4D4F-9672-CC3D2322A4F8}.Release|Any CPU.ActiveCfg = Release|Any CPU
		{7562AA82-1946-4D4F-9672-CC3D2322A4F8}.Release|Any CPU.Build.0 = Release|Any CPU
		{A9835441-7C89-4695-A8E3-84299B3C9282}.Debug|Any CPU.ActiveCfg = Debug|Any CPU
		{A9835441-7C89-4695-A8E3-84299B3C9282}.Debug|Any CPU.Build.0 = Debug|Any CPU
		{A9835441-7C89-4695-A8E3-84299B3C9282}.Release|Any CPU.ActiveCfg = Release|Any CPU
		{A9835441-7C89-4695-A8E3-84299B3C9282}.Release|Any CPU.Build.0 = Release|Any CPU
		{D57B0B29-0C9D-4826-8518-0F8898EE8D11}.Debug|Any CPU.ActiveCfg = Debug|Any CPU
		{D57B0B29-0C9D-4826-8518-0F8898EE8D11}.Debug|Any CPU.Build.0 = Debug|Any CPU
		{D57B0B29-0C9D-4826-8518-0F8898EE8D11}.Release|Any CPU.ActiveCfg = Release|Any CPU
		{D57B0B29-0C9D-4826-8518-0F8898EE8D11}.Release|Any CPU.Build.0 = Release|Any CPU
		{5B7F57BB-4092-47B8-AAE6-4F33FA37CEEF}.Debug|Any CPU.ActiveCfg = Debug|Any CPU
		{5B7F57BB-4092-47B8-AAE6-4F33FA37CEEF}.Debug|Any CPU.Build.0 = Debug|Any CPU
		{5B7F57BB-4092-47B8-AAE6-4F33FA37CEEF}.Release|Any CPU.ActiveCfg = Release|Any CPU
		{5B7F57BB-4092-47B8-AAE6-4F33FA37CEEF}.Release|Any CPU.Build.0 = Release|Any CPU
		{8287BD83-7975-4B55-AC96-B1FF3133385D}.Debug|Any CPU.ActiveCfg = Debug|Any CPU
		{8287BD83-7975-4B55-AC96-B1FF3133385D}.Debug|Any CPU.Build.0 = Debug|Any CPU
		{8287BD83-7975-4B55-AC96-B1FF3133385D}.Release|Any CPU.ActiveCfg = Release|Any CPU
		{8287BD83-7975-4B55-AC96-B1FF3133385D}.Release|Any CPU.Build.0 = Release|Any CPU
		{A1706D7E-E0AA-4944-878D-6033F2587C7E}.Debug|Any CPU.ActiveCfg = Debug|Any CPU
		{A1706D7E-E0AA-4944-878D-6033F2587C7E}.Debug|Any CPU.Build.0 = Debug|Any CPU
		{A1706D7E-E0AA-4944-878D-6033F2587C7E}.Release|Any CPU.ActiveCfg = Release|Any CPU
		{A1706D7E-E0AA-4944-878D-6033F2587C7E}.Release|Any CPU.Build.0 = Release|Any CPU
		{7D2EEF2E-D5C2-4A9B-B15C-6603AFB880EA}.Debug|Any CPU.ActiveCfg = Debug|Any CPU
		{7D2EEF2E-D5C2-4A9B-B15C-6603AFB880EA}.Debug|Any CPU.Build.0 = Debug|Any CPU
		{7D2EEF2E-D5C2-4A9B-B15C-6603AFB880EA}.Release|Any CPU.ActiveCfg = Release|Any CPU
		{7D2EEF2E-D5C2-4A9B-B15C-6603AFB880EA}.Release|Any CPU.Build.0 = Release|Any CPU
		{C33E55E5-26A9-4AEF-8A9D-67C3EF362151}.Debug|Any CPU.ActiveCfg = Debug|Any CPU
		{C33E55E5-26A9-4AEF-8A9D-67C3EF362151}.Debug|Any CPU.Build.0 = Debug|Any CPU
		{C33E55E5-26A9-4AEF-8A9D-67C3EF362151}.Release|Any CPU.ActiveCfg = Release|Any CPU
		{C33E55E5-26A9-4AEF-8A9D-67C3EF362151}.Release|Any CPU.Build.0 = Release|Any CPU
	EndGlobalSection
	GlobalSection(SolutionProperties) = preSolution
		HideSolutionNode = FALSE
	EndGlobalSection
	GlobalSection(NestedProjects) = preSolution
		{D87C110A-C76F-4F8B-A0E4-B061C112498F} = {DA6F3EEF-BA3F-476E-A20B-EB36B9DBCEB0}
		{8287BD83-7975-4B55-AC96-B1FF3133385D} = {DA6F3EEF-BA3F-476E-A20B-EB36B9DBCEB0}
		{A1706D7E-E0AA-4944-878D-6033F2587C7E} = {DA6F3EEF-BA3F-476E-A20B-EB36B9DBCEB0}
		{7D2EEF2E-D5C2-4A9B-B15C-6603AFB880EA} = {DA6F3EEF-BA3F-476E-A20B-EB36B9DBCEB0}
		{C33E55E5-26A9-4AEF-8A9D-67C3EF362151} = {DA6F3EEF-BA3F-476E-A20B-EB36B9DBCEB0}
		{7562AA82-1946-4D4F-9672-CC3D2322A4F8} = {2494264F-1AFA-401B-9640-1A8875EB90F7}
		{A9835441-7C89-4695-A8E3-84299B3C9282} = {2494264F-1AFA-401B-9640-1A8875EB90F7}
		{D57B0B29-0C9D-4826-8518-0F8898EE8D11} = {2494264F-1AFA-401B-9640-1A8875EB90F7}
		{5B7F57BB-4092-47B8-AAE6-4F33FA37CEEF} = {2580BE33-8C96-4F5E-8DAE-A08FBA26D840}
	EndGlobalSection
	GlobalSection(ExtensibilityGlobals) = postSolution
		EnterpriseLibraryConfigurationToolBinariesPath = packages\Unity.2.1.505.2\lib\NET35
	EndGlobalSection
EndGlobal
